
Microsoft Visual Studio Solution File, Format Version 12.00
# Visual Studio Version 16
VisualStudioVersion = 16.0.30523.141
MinimumVisualStudioVersion = 10.0.40219.1
Project("{9A19103F-16F7-4668-BE54-9A1E7A4F7556}") = "HeroesUnited.WebGatewayAPI", "HeroesUnited.WebGatewayAPI\HeroesUnited.WebGatewayAPI.csproj", "{BD44B80A-7E92-4EB8-ACDA-987EE32CBA11}"
EndProject
Project("{9A19103F-16F7-4668-BE54-9A1E7A4F7556}") = "HeroesUnited.WebGatewayAPI.Tests", "HeroesUnited.WebGatewayAPI.Tests\HeroesUnited.WebGatewayAPI.Tests.csproj", "{FADE1ED8-2A65-492C-9601-6D4E9906E900}"
EndProject
Global
	GlobalSection(SolutionConfigurationPlatforms) = preSolution
		Debug|Any CPU = Debug|Any CPU
		Release|Any CPU = Release|Any CPU
	EndGlobalSection
	GlobalSection(ProjectConfigurationPlatforms) = postSolution
		{BD44B80A-7E92-4EB8-ACDA-987EE32CBA11}.Debug|Any CPU.ActiveCfg = Debug|Any CPU
		{BD44B80A-7E92-4EB8-ACDA-987EE32CBA11}.Debug|Any CPU.Build.0 = Debug|Any CPU
		{BD44B80A-7E92-4EB8-ACDA-987EE32CBA11}.Release|Any CPU.ActiveCfg = Release|Any CPU
		{BD44B80A-7E92-4EB8-ACDA-987EE32CBA11}.Release|Any CPU.Build.0 = Release|Any CPU
		{FADE1ED8-2A65-492C-9601-6D4E9906E900}.Debug|Any CPU.ActiveCfg = Debug|Any CPU
		{FADE1ED8-2A65-492C-9601-6D4E9906E900}.Debug|Any CPU.Build.0 = Debug|Any CPU
		{FADE1ED8-2A65-492C-9601-6D4E9906E900}.Release|Any CPU.ActiveCfg = Release|Any CPU
		{FADE1ED8-2A65-492C-9601-6D4E9906E900}.Release|Any CPU.Build.0 = Release|Any CPU
	EndGlobalSection
	GlobalSection(SolutionProperties) = preSolution
		HideSolutionNode = FALSE
	EndGlobalSection
	GlobalSection(ExtensibilityGlobals) = postSolution
		SolutionGuid = {37CD4531-C84D-4934-AFAB-25E88A4E6F1F}
	EndGlobalSection
EndGlobal
